
Microsoft Visual Studio Solution File, Format Version 12.00
# Visual Studio Version 17
VisualStudioVersion = 17.3.32825.248
MinimumVisualStudioVersion = 10.0.40219.1
Project("{FAE04EC0-301F-11D3-BF4B-00C04F79EFBC}") = "FP_ch5", "FP_ch5.csproj", "{220BC8DD-15C7-4591-A13B-41D18A4FED89}"
EndProject
Global
	GlobalSection(SolutionConfigurationPlatforms) = preSolution
		Debug|Any CPU = Debug|Any CPU
		Release|Any CPU = Release|Any CPU
	EndGlobalSection
	GlobalSection(ProjectConfigurationPlatforms) = postSolution
		{220BC8DD-15C7-4591-A13B-41D18A4FED89}.Debug|Any CPU.ActiveCfg = Debug|Any CPU
		{220BC8DD-15C7-4591-A13B-41D18A4FED89}.Debug|Any CPU.Build.0 = Debug|Any CPU
		{220BC8DD-15C7-4591-A13B-41D18A4FED89}.Release|Any CPU.ActiveCfg = Release|Any CPU
		{220BC8DD-15C7-4591-A13B-41D18A4FED89}.Release|Any CPU.Build.0 = Release|Any CPU
	EndGlobalSection
	GlobalSection(SolutionProperties) = preSolution
		HideSolutionNode = FALSE
	EndGlobalSection
	GlobalSection(ExtensibilityGlobals) = postSolution
		SolutionGuid = {52F5E091-3262-4438-9A18-BF60BCFF45DA}
	EndGlobalSection
EndGlobal
