
Microsoft Visual Studio Solution File, Format Version 12.00
# Visual Studio Version 17
VisualStudioVersion = 17.1.32407.343
MinimumVisualStudioVersion = 10.0.40219.1
Project("{FAE04EC0-301F-11D3-BF4B-00C04F79EFBC}") = "FP_ch3", "FP_ch3.csproj", "{26CCD70B-3F0A-40E5-918B-B4169CE676B8}"
EndProject
Global
	GlobalSection(SolutionConfigurationPlatforms) = preSolution
		Debug|Any CPU = Debug|Any CPU
		Release|Any CPU = Release|Any CPU
	EndGlobalSection
	GlobalSection(ProjectConfigurationPlatforms) = postSolution
		{26CCD70B-3F0A-40E5-918B-B4169CE676B8}.Debug|Any CPU.ActiveCfg = Debug|Any CPU
		{26CCD70B-3F0A-40E5-918B-B4169CE676B8}.Debug|Any CPU.Build.0 = Debug|Any CPU
		{26CCD70B-3F0A-40E5-918B-B4169CE676B8}.Release|Any CPU.ActiveCfg = Release|Any CPU
		{26CCD70B-3F0A-40E5-918B-B4169CE676B8}.Release|Any CPU.Build.0 = Release|Any CPU
	EndGlobalSection
	GlobalSection(SolutionProperties) = preSolution
		HideSolutionNode = FALSE
	EndGlobalSection
	GlobalSection(ExtensibilityGlobals) = postSolution
		SolutionGuid = {ACFE1AE5-E0DA-41D9-81C2-5F9C7EB9D142}
	EndGlobalSection
EndGlobal
