
Microsoft Visual Studio Solution File, Format Version 12.00
# Visual Studio Version 17
VisualStudioVersion = 17.1.32407.343
MinimumVisualStudioVersion = 10.0.40219.1
Project("{FAE04EC0-301F-11D3-BF4B-00C04F79EFBC}") = "FP_delegate", "FP_delegate.csproj", "{EA24AD1D-5D36-41F0-8624-78EAB5B979AA}"
EndProject
Global
	GlobalSection(SolutionConfigurationPlatforms) = preSolution
		Debug|Any CPU = Debug|Any CPU
		Release|Any CPU = Release|Any CPU
	EndGlobalSection
	GlobalSection(ProjectConfigurationPlatforms) = postSolution
		{EA24AD1D-5D36-41F0-8624-78EAB5B979AA}.Debug|Any CPU.ActiveCfg = Debug|Any CPU
		{EA24AD1D-5D36-41F0-8624-78EAB5B979AA}.Debug|Any CPU.Build.0 = Debug|Any CPU
		{EA24AD1D-5D36-41F0-8624-78EAB5B979AA}.Release|Any CPU.ActiveCfg = Release|Any CPU
		{EA24AD1D-5D36-41F0-8624-78EAB5B979AA}.Release|Any CPU.Build.0 = Release|Any CPU
	EndGlobalSection
	GlobalSection(SolutionProperties) = preSolution
		HideSolutionNode = FALSE
	EndGlobalSection
	GlobalSection(ExtensibilityGlobals) = postSolution
		SolutionGuid = {5DC1D82C-24BD-4C5E-9979-56C73E3E2F79}
	EndGlobalSection
EndGlobal
