
Microsoft Visual Studio Solution File, Format Version 12.00
# Visual Studio Version 16
VisualStudioVersion = 16.0.31613.86
MinimumVisualStudioVersion = 10.0.40219.1
Project("{FAE04EC0-301F-11D3-BF4B-00C04F79EFBC}") = "HelloWorld", "HelloWorld\HelloWorld.csproj", "{17BD7B62-B717-4A21-B384-3D25FA36B511}"
EndProject
Global
	GlobalSection(SolutionConfigurationPlatforms) = preSolution
		Debug|Any CPU = Debug|Any CPU
		Release|Any CPU = Release|Any CPU
	EndGlobalSection
	GlobalSection(ProjectConfigurationPlatforms) = postSolution
		{17BD7B62-B717-4A21-B384-3D25FA36B511}.Debug|Any CPU.ActiveCfg = Debug|Any CPU
		{17BD7B62-B717-4A21-B384-3D25FA36B511}.Debug|Any CPU.Build.0 = Debug|Any CPU
		{17BD7B62-B717-4A21-B384-3D25FA36B511}.Release|Any CPU.ActiveCfg = Release|Any CPU
		{17BD7B62-B717-4A21-B384-3D25FA36B511}.Release|Any CPU.Build.0 = Release|Any CPU
	EndGlobalSection
	GlobalSection(SolutionProperties) = preSolution
		HideSolutionNode = FALSE
	EndGlobalSection
	GlobalSection(ExtensibilityGlobals) = postSolution
		SolutionGuid = {67BACB5E-50EA-4237-926C-B80D8AF5204B}
	EndGlobalSection
EndGlobal
