
Microsoft Visual Studio Solution File, Format Version 12.00
# Visual Studio Version 16
VisualStudioVersion = 16.0.31613.86
MinimumVisualStudioVersion = 10.0.40219.1
Project("{FAE04EC0-301F-11D3-BF4B-00C04F79EFBC}") = "HelloWPFApp", "HelloWPFApp\HelloWPFApp.csproj", "{B846EDE9-52E3-4A81-86B7-1D51936D633E}"
EndProject
Global
	GlobalSection(SolutionConfigurationPlatforms) = preSolution
		Debug|Any CPU = Debug|Any CPU
		Release|Any CPU = Release|Any CPU
	EndGlobalSection
	GlobalSection(ProjectConfigurationPlatforms) = postSolution
		{B846EDE9-52E3-4A81-86B7-1D51936D633E}.Debug|Any CPU.ActiveCfg = Debug|Any CPU
		{B846EDE9-52E3-4A81-86B7-1D51936D633E}.Debug|Any CPU.Build.0 = Debug|Any CPU
		{B846EDE9-52E3-4A81-86B7-1D51936D633E}.Release|Any CPU.ActiveCfg = Release|Any CPU
		{B846EDE9-52E3-4A81-86B7-1D51936D633E}.Release|Any CPU.Build.0 = Release|Any CPU
	EndGlobalSection
	GlobalSection(SolutionProperties) = preSolution
		HideSolutionNode = FALSE
	EndGlobalSection
	GlobalSection(ExtensibilityGlobals) = postSolution
		SolutionGuid = {8376AF45-D4CC-4291-8F99-F608F6EA0308}
	EndGlobalSection
EndGlobal
